// !$*UTF8*$!
{
	archiveVersion = 1;
	classes = {
	};
	objectVersion = 50;
	objects = {

/* Begin PBXBuildFile section */
		2F5F819A249720F700057DF6 /* AppDelegate.swift in Sources */ = {isa = PBXBuildFile; fileRef = 2F5F8199249720F700057DF6 /* AppDelegate.swift */; };
		2F5F819C249720F700057DF6 /* SceneDelegate.swift in Sources */ = {isa = PBXBuildFile; fileRef = 2F5F819B249720F700057DF6 /* SceneDelegate.swift */; };
		2F5F819E249720F700057DF6 /* ContentView.swift in Sources */ = {isa = PBXBuildFile; fileRef = 2F5F819D249720F700057DF6 /* ContentView.swift */; };
		2F5F81A0249720FE00057DF6 /* Assets.xcassets in Resources */ = {isa = PBXBuildFile; fileRef = 2F5F819F249720FE00057DF6 /* Assets.xcassets */; };
		2F5F81A3249720FE00057DF6 /* Preview Assets.xcassets in Resources */ = {isa = PBXBuildFile; fileRef = 2F5F81A2249720FE00057DF6 /* Preview Assets.xcassets */; };
		2F5F81A6249720FE00057DF6 /* LaunchScreen.storyboard in Resources */ = {isa = PBXBuildFile; fileRef = 2F5F81A4249720FE00057DF6 /* LaunchScreen.storyboard */; };
		2F5F81B024A844FF00057DF6 /* AboutView.swift in Sources */ = {isa = PBXBuildFile; fileRef = 2F5F81AF24A844FF00057DF6 /* AboutView.swift */; };
/* End PBXBuildFile section */

/* Begin PBXFileReference section */
		2F5F8196249720F700057DF6 /* Bullseye.app */ = {isa = PBXFileReference; explicitFileType = wrapper.application; includeInIndex = 0; path = Bullseye.app; sourceTree = BUILT_PRODUCTS_DIR; };
		2F5F8199249720F700057DF6 /* AppDelegate.swift */ = {isa = PBXFileReference; lastKnownFileType = sourcecode.swift; path = AppDelegate.swift; sourceTree = "<group>"; };
		2F5F819B249720F700057DF6 /* SceneDelegate.swift */ = {isa = PBXFileReference; lastKnownFileType = sourcecode.swift; path = SceneDelegate.swift; sourceTree = "<group>"; };
		2F5F819D249720F700057DF6 /* ContentView.swift */ = {isa = PBXFileReference; lastKnownFileType = sourcecode.swift; path = ContentView.swift; sourceTree = "<group>"; };
		2F5F819F249720FE00057DF6 /* Assets.xcassets */ = {isa = PBXFileReference; lastKnownFileType = folder.assetcatalog; path = Assets.xcassets; sourceTree = "<group>"; };
		2F5F81A2249720FE00057DF6 /* Preview Assets.xcassets */ = {isa = PBXFileReference; lastKnownFileType = folder.assetcatalog; path = "Preview Assets.xcassets"; sourceTree = "<group>"; };
		2F5F81A5249720FE00057DF6 /* Base */ = {isa = PBXFileReference; lastKnownFileType = file.storyboard; name = Base; path = Base.lproj/LaunchScreen.storyboard; sourceTree = "<group>"; };
		2F5F81A7249720FE00057DF6 /* Info.plist */ = {isa = PBXFileReference; lastKnownFileType = text.plist.xml; path = Info.plist; sourceTree = "<group>"; };
		2F5F81AF24A844FF00057DF6 /* AboutView.swift */ = {isa = PBXFileReference; lastKnownFileType = sourcecode.swift; path = AboutView.swift; sourceTree = "<group>"; };
/* End PBXFileReference section */

/* Begin PBXFrameworksBuildPhase section */
		2F5F8193249720F700057DF6 /* Frameworks */ = {
			isa = PBXFrameworksBuildPhase;
			buildActionMask = 2147483647;
			files = (
			);
			runOnlyForDeploymentPostprocessing = 0;
		};
/* End PBXFrameworksBuildPhase section */

/* Begin PBXGroup section */
		2F5F818D249720F700057DF6 = {
			isa = PBXGroup;
			children = (
				2F5F8198249720F700057DF6 /* 2020.06.14 - Bullseye */,
				2F5F8197249720F700057DF6 /* Products */,
			);
			sourceTree = "<group>";
		};
		2F5F8197249720F700057DF6 /* Products */ = {
			isa = PBXGroup;
			children = (
				2F5F8196249720F700057DF6 /* Bullseye.app */,
			);
			name = Products;
			sourceTree = "<group>";
		};
		2F5F8198249720F700057DF6 /* 2020.06.14 - Bullseye */ = {
			isa = PBXGroup;
			children = (
				2F5F8199249720F700057DF6 /* AppDelegate.swift */,
				2F5F819B249720F700057DF6 /* SceneDelegate.swift */,
				2F5F819D249720F700057DF6 /* ContentView.swift */,
				2F5F819F249720FE00057DF6 /* Assets.xcassets */,
				2F5F81A4249720FE00057DF6 /* LaunchScreen.storyboard */,
				2F5F81A7249720FE00057DF6 /* Info.plist */,
				2F5F81A1249720FE00057DF6 /* Preview Content */,
				2F5F81AF24A844FF00057DF6 /* AboutView.swift */,
			);
			path = "2020.06.14 - Bullseye";
			sourceTree = "<group>";
		};
		2F5F81A1249720FE00057DF6 /* Preview Content */ = {
			isa = PBXGroup;
			children = (
				2F5F81A2249720FE00057DF6 /* Preview Assets.xcassets */,
			);
			path = "Preview Content";
			sourceTree = "<group>";
		};
/* End PBXGroup section */

/* Begin PBXNativeTarget section */
		2F5F8195249720F700057DF6 /* 2020.06.14 - Bullseye */ = {
			isa = PBXNativeTarget;
			buildConfigurationList = 2F5F81AA249720FE00057DF6 /* Build configuration list for PBXNativeTarget "2020.06.14 - Bullseye" */;
			buildPhases = (
				2F5F8192249720F700057DF6 /* Sources */,
				2F5F8193249720F700057DF6 /* Frameworks */,
				2F5F8194249720F700057DF6 /* Resources */,
			);
			buildRules = (
			);
			dependencies = (
			);
			name = "2020.06.14 - Bullseye";
			productName = "2020.06.14 - Bullseye";
			productReference = 2F5F8196249720F700057DF6 /* Bullseye.app */;
			productType = "com.apple.product-type.application";
		};
/* End PBXNativeTarget section */

/* Begin PBXProject section */
		2F5F818E249720F700057DF6 /* Project object */ = {
			isa = PBXProject;
			attributes = {
				LastSwiftUpdateCheck = 1140;
				LastUpgradeCheck = 1140;
				ORGANIZATIONNAME = "Coyne Operated Apps";
				TargetAttributes = {
					2F5F8195249720F700057DF6 = {
						CreatedOnToolsVersion = 11.4.1;
					};
				};
			};
			buildConfigurationList = 2F5F8191249720F700057DF6 /* Build configuration list for PBXProject "Bullseye" */;
			compatibilityVersion = "Xcode 9.3";
			developmentRegion = en;
			hasScannedForEncodings = 0;
			knownRegions = (
				en,
				Base,
			);
			mainGroup = 2F5F818D249720F700057DF6;
			productRefGroup = 2F5F8197249720F700057DF6 /* Products */;
			projectDirPath = "";
			projectRoot = "";
			targets = (
				2F5F8195249720F700057DF6 /* 2020.06.14 - Bullseye */,
			);
		};
/* End PBXProject section */

/* Begin PBXResourcesBuildPhase section */
		2F5F8194249720F700057DF6 /* Resources */ = {
			isa = PBXResourcesBuildPhase;
			buildActionMask = 2147483647;
			files = (
				2F5F81A6249720FE00057DF6 /* LaunchScreen.storyboard in Resources */,
				2F5F81A3249720FE00057DF6 /* Preview Assets.xcassets in Resources */,
				2F5F81A0249720FE00057DF6 /* Assets.xcassets in Resources */,
			);
			runOnlyForDeploymentPostprocessing = 0;
		};
/* End PBXResourcesBuildPhase section */

/* Begin PBXSourcesBuildPhase section */
		2F5F8192249720F700057DF6 /* Sources */ = {
			isa = PBXSourcesBuildPhase;
			buildActionMask = 2147483647;
			files = (
				2F5F81B024A844FF00057DF6 /* AboutView.swift in Sources */,
				2F5F819A249720F700057DF6 /* AppDelegate.swift in Sources */,
				2F5F819C249720F700057DF6 /* SceneDelegate.swift in Sources */,
				2F5F819E249720F700057DF6 /* ContentView.swift in Sources */,
			);
			runOnlyForDeploymentPostprocessing = 0;
		};
/* End PBXSourcesBuildPhase section */

/* Begin PBXVariantGroup section */
		2F5F81A4249720FE00057DF6 /* LaunchScreen.storyboard */ = {
			isa = PBXVariantGroup;
			children = (
				2F5F81A5249720FE00057DF6 /* Base */,
			);
			name = LaunchScreen.storyboard;
			sourceTree = "<group>";
		};
/* End PBXVariantGroup section */

/* Begin XCBuildConfiguration section */
		2F5F81A8249720FE00057DF6 /* Debug */ = {
			isa = XCBuildConfiguration;
			buildSettings = {
				ALWAYS_SEARCH_USER_PATHS = NO;
				CLANG_ANALYZER_NONNULL = YES;
				CLANG_ANALYZER_NUMBER_OBJECT_CONVERSION = YES_AGGRESSIVE;
				CLANG_CXX_LANGUAGE_STANDARD = "gnu++14";
				CLANG_CXX_LIBRARY = "libc++";
				CLANG_ENABLE_MODULES = YES;
				CLANG_ENABLE_OBJC_ARC = YES;
				CLANG_ENABLE_OBJC_WEAK = YES;
				CLANG_WARN_BLOCK_CAPTURE_AUTORELEASING = YES;
				CLANG_WARN_BOOL_CONVERSION = YES;
				CLANG_WARN_COMMA = YES;
				CLANG_WARN_CONSTANT_CONVERSION = YES;
				CLANG_WARN_DEPRECATED_OBJC_IMPLEMENTATIONS = YES;
				CLANG_WARN_DIRECT_OBJC_ISA_USAGE = YES_ERROR;
				CLANG_WARN_DOCUMENTATION_COMMENTS = YES;
				CLANG_WARN_EMPTY_BODY = YES;
				CLANG_WARN_ENUM_CONVERSION = YES;
				CLANG_WARN_INFINITE_RECURSION = YES;
				CLANG_WARN_INT_CONVERSION = YES;
				CLANG_WARN_NON_LITERAL_NULL_CONVERSION = YES;
				CLANG_WARN_OBJC_IMPLICIT_RETAIN_SELF = YES;
				CLANG_WARN_OBJC_LITERAL_CONVERSION = YES;
				CLANG_WARN_OBJC_ROOT_CLASS = YES_ERROR;
				CLANG_WARN_RANGE_LOOP_ANALYSIS = YES;
				CLANG_WARN_STRICT_PROTOTYPES = YES;
				CLANG_WARN_SUSPICIOUS_MOVE = YES;
				CLANG_WARN_UNGUARDED_AVAILABILITY = YES_AGGRESSIVE;
				CLANG_WARN_UNREACHABLE_CODE = YES;
				CLANG_WARN__DUPLICATE_METHOD_MATCH = YES;
				COPY_PHASE_STRIP = NO;
				DEBUG_INFORMATION_FORMAT = dwarf;
				ENABLE_STRICT_OBJC_MSGSEND = YES;
				ENABLE_TESTABILITY = YES;
				GCC_C_LANGUAGE_STANDARD = gnu11;
				GCC_DYNAMIC_NO_PIC = NO;
				GCC_NO_COMMON_BLOCKS = YES;
				GCC_OPTIMIZATION_LEVEL = 0;
				GCC_PREPROCESSOR_DEFINITIONS = (
					"DEBUG=1",
					"$(inherited)",
				);
				GCC_WARN_64_TO_32_BIT_CONVERSION = YES;
				GCC_WARN_ABOUT_RETURN_TYPE = YES_ERROR;
				GCC_WARN_UNDECLARED_SELECTOR = YES;
				GCC_WARN_UNINITIALIZED_AUTOS = YES_AGGRESSIVE;
				GCC_WARN_UNUSED_FUNCTION = YES;
				GCC_WARN_UNUSED_VARIABLE = YES;
				IPHONEOS_DEPLOYMENT_TARGET = 13.4;
				MTL_ENABLE_DEBUG_INFO = INCLUDE_SOURCE;
				MTL_FAST_MATH = YES;
				ONLY_ACTIVE_ARCH = YES;
				SDKROOT = iphoneos;
				SWIFT_ACTIVE_COMPILATION_CONDITIONS = DEBUG;
				SWIFT_OPTIMIZATION_LEVEL = "-Onone";
			};
			name = Debug;
		};
		2F5F81A9249720FE00057DF6 /* Release */ = {
			isa = XCBuildConfiguration;
			buildSettings = {
				ALWAYS_SEARCH_USER_PATHS = NO;
				CLANG_ANALYZER_NONNULL = YES;
				CLANG_ANALYZER_NUMBER_OBJECT_CONVERSION = YES_AGGRESSIVE;
				CLANG_CXX_LANGUAGE_STANDARD = "gnu++14";
				CLANG_CXX_LIBRARY = "libc++";
				CLANG_ENABLE_MODULES = YES;
				CLANG_ENABLE_OBJC_ARC = YES;
				CLANG_ENABLE_OBJC_WEAK = YES;
				CLANG_WARN_BLOCK_CAPTURE_AUTORELEASING = YES;
				CLANG_WARN_BOOL_CONVERSION = YES;
				CLANG_WARN_COMMA = YES;
				CLANG_WARN_CONSTANT_CONVERSION = YES;
				CLANG_WARN_DEPRECATED_OBJC_IMPLEMENTATIONS = YES;
				CLANG_WARN_DIRECT_OBJC_ISA_USAGE = YES_ERROR;
				CLANG_WARN_DOCUMENTATION_COMMENTS = YES;
				CLANG_WARN_EMPTY_BODY = YES;
				CLANG_WARN_ENUM_CONVERSION = YES;
				CLANG_WARN_INFINITE_RECURSION = YES;
				CLANG_WARN_INT_CONVERSION = YES;
				CLANG_WARN_NON_LITERAL_NULL_CONVERSION = YES;
				CLANG_WARN_OBJC_IMPLICIT_RETAIN_SELF = YES;
				CLANG_WARN_OBJC_LITERAL_CONVERSION = YES;
				CLANG_WARN_OBJC_ROOT_CLASS = YES_ERROR;
				CLANG_WARN_RANGE_LOOP_ANALYSIS = YES;
				CLANG_WARN_STRICT_PROTOTYPES = YES;
				CLANG_WARN_SUSPICIOUS_MOVE = YES;
				CLANG_WARN_UNGUARDED_AVAILABILITY = YES_AGGRESSIVE;
				CLANG_WARN_UNREACHABLE_CODE = YES;
				CLANG_WARN__DUPLICATE_METHOD_MATCH = YES;
				COPY_PHASE_STRIP = NO;
				DEBUG_INFORMATION_FORMAT = "dwarf-with-dsym";
				ENABLE_NS_ASSERTIONS = NO;
				ENABLE_STRICT_OBJC_MSGSEND = YES;
				GCC_C_LANGUAGE_STANDARD = gnu11;
				GCC_NO_COMMON_BLOCKS = YES;
				GCC_WARN_64_TO_32_BIT_CONVERSION = YES;
				GCC_WARN_ABOUT_RETURN_TYPE = YES_ERROR;
				GCC_WARN_UNDECLARED_SELECTOR = YES;
				GCC_WARN_UNINITIALIZED_AUTOS = YES_AGGRESSIVE;
				GCC_WARN_UNUSED_FUNCTION = YES;
				GCC_WARN_UNUSED_VARIABLE = YES;
				IPHONEOS_DEPLOYMENT_TARGET = 13.4;
				MTL_ENABLE_DEBUG_INFO = NO;
				MTL_FAST_MATH = YES;
				SDKROOT = iphoneos;
				SWIFT_COMPILATION_MODE = wholemodule;
				SWIFT_OPTIMIZATION_LEVEL = "-O";
				VALIDATE_PRODUCT = YES;
			};
			name = Release;
		};
		2F5F81AB249720FE00057DF6 /* Debug */ = {
			isa = XCBuildConfiguration;
			buildSettings = {
				ASSETCATALOG_COMPILER_APPICON_NAME = AppIcon;
				CODE_SIGN_STYLE = Automatic;
				DEVELOPMENT_ASSET_PATHS = "\"2020.06.14 - Bullseye/Preview Content\"";
				DEVELOPMENT_TEAM = XVZ2DYZ5BU;
				ENABLE_PREVIEWS = YES;
				INFOPLIST_FILE = "2020.06.14 - Bullseye/Info.plist";
				LD_RUNPATH_SEARCH_PATHS = (
					"$(inherited)",
					"@executable_path/Frameworks",
				);
				PRODUCT_BUNDLE_IDENTIFIER = "com.coyneoperated.-020-06-14---Bullseye";
				PRODUCT_NAME = Bullseye;
				SWIFT_VERSION = 5.0;
				TARGETED_DEVICE_FAMILY = "1,2";
			};
			name = Debug;
		};
		2F5F81AC249720FE00057DF6 /* Release */ = {
			isa = XCBuildConfiguration;
			buildSettings = {
				ASSETCATALOG_COMPILER_APPICON_NAME = AppIcon;
				CODE_SIGN_STYLE = Automatic;
				DEVELOPMENT_ASSET_PATHS = "\"2020.06.14 - Bullseye/Preview Content\"";
				DEVELOPMENT_TEAM = XVZ2DYZ5BU;
				ENABLE_PREVIEWS = YES;
				INFOPLIST_FILE = "2020.06.14 - Bullseye/Info.plist";
				LD_RUNPATH_SEARCH_PATHS = (
					"$(inherited)",
					"@executable_path/Frameworks",
				);
				PRODUCT_BUNDLE_IDENTIFIER = "com.coyneoperated.-020-06-14---Bullseye";
				PRODUCT_NAME = Bullseye;
				SWIFT_VERSION = 5.0;
				TARGETED_DEVICE_FAMILY = "1,2";
			};
			name = Release;
		};
/* End XCBuildConfiguration section */

/* Begin XCConfigurationList section */
		2F5F8191249720F700057DF6 /* Build configuration list for PBXProject "Bullseye" */ = {
			isa = XCConfigurationList;
			buildConfigurations = (
				2F5F81A8249720FE00057DF6 /* Debug */,
				2F5F81A9249720FE00057DF6 /* Release */,
			);
			defaultConfigurationIsVisible = 0;
			defaultConfigurationName = Release;
		};
		2F5F81AA249720FE00057DF6 /* Build configuration list for PBXNativeTarget "2020.06.14 - Bullseye" */ = {
			isa = XCConfigurationList;
			buildConfigurations = (
				2F5F81AB249720FE00057DF6 /* Debug */,
				2F5F81AC249720FE00057DF6 /* Release */,
			);
			defaultConfigurationIsVisible = 0;
			defaultConfigurationName = Release;
		};
/* End XCConfigurationList section */
	};
	rootObject = 2F5F818E249720F700057DF6 /* Project object */;
}
